
Microsoft Visual Studio Solution File, Format Version 12.00
# Visual Studio Version 17
VisualStudioVersion = 17.1.32328.378
MinimumVisualStudioVersion = 10.0.40219.1
Project("{FAE04EC0-301F-11D3-BF4B-00C04F79EFBC}") = "MongoDB", "MongoDB\MongoDB.csproj", "{80715CAB-9A7A-4B9A-A678-D5550518FE95}"
EndProject
Global
	GlobalSection(SolutionConfigurationPlatforms) = preSolution
		Debug|Any CPU = Debug|Any CPU
		Release|Any CPU = Release|Any CPU
	EndGlobalSection
	GlobalSection(ProjectConfigurationPlatforms) = postSolution
		{80715CAB-9A7A-4B9A-A678-D5550518FE95}.Debug|Any CPU.ActiveCfg = Debug|Any CPU
		{80715CAB-9A7A-4B9A-A678-D5550518FE95}.Debug|Any CPU.Build.0 = Debug|Any CPU
		{80715CAB-9A7A-4B9A-A678-D5550518FE95}.Release|Any CPU.ActiveCfg = Release|Any CPU
		{80715CAB-9A7A-4B9A-A678-D5550518FE95}.Release|Any CPU.Build.0 = Release|Any CPU
	EndGlobalSection
	GlobalSection(SolutionProperties) = preSolution
		HideSolutionNode = FALSE
	EndGlobalSection
	GlobalSection(ExtensibilityGlobals) = postSolution
		SolutionGuid = {2D957588-864B-4E2E-8597-2F90F8B39FF5}
	EndGlobalSection
EndGlobal
